
Microsoft Visual Studio Solution File, Format Version 12.00
# Visual Studio Version 17
VisualStudioVersion = 17.0.31903.59
MinimumVisualStudioVersion = 10.0.40219.1
Project("{2150E333-8FDC-42A3-9474-1A3956D46DE8}") = "tests", "tests", "{C9FB55F1-6010-4C12-B1BD-CA51290AFABE}"
EndProject
Project("{2150E333-8FDC-42A3-9474-1A3956D46DE8}") = "Shared", "Shared", "{680BAA61-0343-473B-AF40-9675E6069D56}"
EndProject
Project("{2150E333-8FDC-42A3-9474-1A3956D46DE8}") = "Services", "Services", "{36C5EB94-7A2E-4DCE-BFE4-27D7966B8FE7}"
EndProject
Project("{2150E333-8FDC-42A3-9474-1A3956D46DE8}") = "Identity", "Identity", "{4CF64251-C11E-4398-AD57-6609FB1A4F8B}"
EndProject
Project("{2150E333-8FDC-42A3-9474-1A3956D46DE8}") = "Community", "Community", "{E10D9D39-B090-4F8D-8E03-C3A09E98674E}"
EndProject
Project("{2150E333-8FDC-42A3-9474-1A3956D46DE8}") = "Collection", "Collection", "{31AEF064-681C-41F4-9651-5E837A0CBDBC}"
EndProject
Project("{2150E333-8FDC-42A3-9474-1A3956D46DE8}") = "Catalogue", "Catalogue", "{79F62D74-D858-4AD1-9CC2-DBDA94DADC97}"
EndProject
Project("{2150E333-8FDC-42A3-9474-1A3956D46DE8}") = "ApiGateway", "ApiGateway", "{74C01ED1-7CA7-4A2B-A775-8A89B68B77C5}"
EndProject
Project("{2150E333-8FDC-42A3-9474-1A3956D46DE8}") = "src", "src", "{7491D85D-F375-4787-AF1A-B21966901B88}"
EndProject
Project("{FAE04EC0-301F-11D3-BF4B-00C04F79EFBC}") = "MangaShelf.ApiGateway", "src\ApiGateway\MangaShelf.ApiGateway.csproj", "{EA736AA2-5716-41E3-9114-7A28F9ED7B12}"
EndProject
Project("{2150E333-8FDC-42A3-9474-1A3956D46DE8}") = "Shared", "Shared", "{1ABD0912-552E-48E0-87B7-F2755B14481C}"
EndProject
Project("{FAE04EC0-301F-11D3-BF4B-00C04F79EFBC}") = "MangaShelf.Application.Abstractions", "src\Shared\Application.Abstractions\MangaShelf.Application.Abstractions.csproj", "{62722E97-BE1D-42C8-972A-A963739C4193}"
EndProject
Project("{FAE04EC0-301F-11D3-BF4B-00C04F79EFBC}") = "MangaShelf.Domain.Abstractions", "src\Shared\Domain.Abstractions\MangaShelf.Domain.Abstractions.csproj", "{4B708888-E75A-4795-8852-ACB1AD3C5A30}"
EndProject
Project("{FAE04EC0-301F-11D3-BF4B-00C04F79EFBC}") = "MangaShelf.Infrastructure.Abstractions", "src\Shared\Infrastructure.Abstractions\MangaShelf.Infrastructure.Abstractions.csproj", "{BA4639DD-1513-4AB4-80D9-D4CBFB76D7F4}"
EndProject
Project("{2150E333-8FDC-42A3-9474-1A3956D46DE8}") = "Services", "Services", "{C7A982BB-304F-4254-B751-F72F44E23929}"
EndProject
Project("{2150E333-8FDC-42A3-9474-1A3956D46DE8}") = "Identity", "Identity", "{B017264A-7A75-4F53-A83B-8232C1130D90}"
EndProject
Project("{FAE04EC0-301F-11D3-BF4B-00C04F79EFBC}") = "MangaShelf.Identity.Api", "src\Services\Identity\Api\MangaShelf.Identity.Api.csproj", "{4272F7A7-C0C9-406E-B313-582A29FA72C4}"
EndProject
Project("{2150E333-8FDC-42A3-9474-1A3956D46DE8}") = "Community", "Community", "{A612B27E-E401-4A36-B931-F73B657344CD}"
EndProject
Project("{FAE04EC0-301F-11D3-BF4B-00C04F79EFBC}") = "MangaShelf.Community.Api", "src\Services\Community\Api\MangaShelf.Community.Api.csproj", "{170F23EF-40BB-4567-9CB6-484E967E4CD3}"
EndProject
Project("{2150E333-8FDC-42A3-9474-1A3956D46DE8}") = "Collection", "Collection", "{E704FCED-7AC8-4527-92B5-A624FC9D0D20}"
EndProject
Project("{FAE04EC0-301F-11D3-BF4B-00C04F79EFBC}") = "MangaShelf.Collection.Api", "src\Services\Collection\Api\MangaShelf.Collection.Api.csproj", "{6403DE2F-1E18-46D7-AF42-01A73A11479F}"
EndProject
Project("{2150E333-8FDC-42A3-9474-1A3956D46DE8}") = "Catalogue", "Catalogue", "{1FD796CF-2243-468D-9144-92D53A39D977}"
EndProject
Project("{FAE04EC0-301F-11D3-BF4B-00C04F79EFBC}") = "MangaShelf.Catalogue.Api", "src\Services\Catalogue\Api\MangaShelf.Catalogue.Api.csproj", "{FADB4BED-2574-4D30-91DB-2959CF677E91}"
EndProject
Project("{FAE04EC0-301F-11D3-BF4B-00C04F79EFBC}") = "MangaShelf.Catalogue.Application", "src\Services\Catalogue\Application\MangaShelf.Catalogue.Application.csproj", "{4B87CF00-032F-44CB-A311-7B7AD43DE700}"
EndProject
Project("{FAE04EC0-301F-11D3-BF4B-00C04F79EFBC}") = "MangaShelf.Catalogue.Domain", "src\Services\Catalogue\Domain\MangaShelf.Catalogue.Domain.csproj", "{A9804DB0-F4CD-452B-AB96-00E64F24DC8B}"
EndProject
Project("{FAE04EC0-301F-11D3-BF4B-00C04F79EFBC}") = "MangaShelf.Catalogue.Infrastructure", "src\Services\Catalogue\Infrastructure\MangaShelf.Catalogue.Infrastructure.csproj", "{B6A015B3-E33E-4E4A-9159-E7D74D985652}"
EndProject
Project("{FAE04EC0-301F-11D3-BF4B-00C04F79EFBC}") = "MangaShelf.Domain.Abstractions.Tests", "tests\Shared\Domain.Abstractions.Tests\MangaShelf.Domain.Abstractions.Tests.csproj", "{AFA80A60-945F-4996-8DDE-4C888A814B52}"
EndProject
Project("{FAE04EC0-301F-11D3-BF4B-00C04F79EFBC}") = "MangaShelf.Catalogue.Api.IntegrationTests", "tests\Services\Catalogue\Api.IntegrationTests\MangaShelf.Catalogue.Api.IntegrationTests.csproj", "{698F1975-085E-4FC7-9A83-1B374368160C}"
EndProject
Project("{FAE04EC0-301F-11D3-BF4B-00C04F79EFBC}") = "MangaShelf.Catalogue.Domain.Tests", "tests\Services\Catalogue\Domain.Tests\MangaShelf.Catalogue.Domain.Tests.csproj", "{150D6F2F-63F9-4315-9A06-EF825058BD56}"
EndProject
Global
	GlobalSection(SolutionConfigurationPlatforms) = preSolution
		Debug|Any CPU = Debug|Any CPU
		Release|Any CPU = Release|Any CPU
	EndGlobalSection
	GlobalSection(SolutionProperties) = preSolution
		HideSolutionNode = FALSE
	EndGlobalSection
	GlobalSection(ProjectConfigurationPlatforms) = postSolution
		{C41CE46D-8366-4876-A3B9-287B4F414325}.Debug|Any CPU.ActiveCfg = Debug|Any CPU
		{C41CE46D-8366-4876-A3B9-287B4F414325}.Debug|Any CPU.Build.0 = Debug|Any CPU
		{C41CE46D-8366-4876-A3B9-287B4F414325}.Release|Any CPU.ActiveCfg = Release|Any CPU
		{C41CE46D-8366-4876-A3B9-287B4F414325}.Release|Any CPU.Build.0 = Release|Any CPU
		{19D519E4-C435-43FF-9FA6-AC7FD5449E53}.Debug|Any CPU.ActiveCfg = Debug|Any CPU
		{19D519E4-C435-43FF-9FA6-AC7FD5449E53}.Debug|Any CPU.Build.0 = Debug|Any CPU
		{19D519E4-C435-43FF-9FA6-AC7FD5449E53}.Release|Any CPU.ActiveCfg = Release|Any CPU
		{19D519E4-C435-43FF-9FA6-AC7FD5449E53}.Release|Any CPU.Build.0 = Release|Any CPU
		{C7E01F70-CAAE-4F68-8597-97401AC65986}.Debug|Any CPU.ActiveCfg = Debug|Any CPU
		{C7E01F70-CAAE-4F68-8597-97401AC65986}.Debug|Any CPU.Build.0 = Debug|Any CPU
		{C7E01F70-CAAE-4F68-8597-97401AC65986}.Release|Any CPU.ActiveCfg = Release|Any CPU
		{C7E01F70-CAAE-4F68-8597-97401AC65986}.Release|Any CPU.Build.0 = Release|Any CPU
		{3DBC80B1-BABF-4236-A40D-60B910DC4EA8}.Debug|Any CPU.ActiveCfg = Debug|Any CPU
		{3DBC80B1-BABF-4236-A40D-60B910DC4EA8}.Debug|Any CPU.Build.0 = Debug|Any CPU
		{3DBC80B1-BABF-4236-A40D-60B910DC4EA8}.Release|Any CPU.ActiveCfg = Release|Any CPU
		{3DBC80B1-BABF-4236-A40D-60B910DC4EA8}.Release|Any CPU.Build.0 = Release|Any CPU
		{73067217-4EC9-4F94-A201-7681C2236E9D}.Debug|Any CPU.ActiveCfg = Debug|Any CPU
		{73067217-4EC9-4F94-A201-7681C2236E9D}.Debug|Any CPU.Build.0 = Debug|Any CPU
		{73067217-4EC9-4F94-A201-7681C2236E9D}.Release|Any CPU.ActiveCfg = Release|Any CPU
		{73067217-4EC9-4F94-A201-7681C2236E9D}.Release|Any CPU.Build.0 = Release|Any CPU
		{67DA5E32-9175-42AE-99D9-9A424CDB0B99}.Debug|Any CPU.ActiveCfg = Debug|Any CPU
		{67DA5E32-9175-42AE-99D9-9A424CDB0B99}.Debug|Any CPU.Build.0 = Debug|Any CPU
		{67DA5E32-9175-42AE-99D9-9A424CDB0B99}.Release|Any CPU.ActiveCfg = Release|Any CPU
		{67DA5E32-9175-42AE-99D9-9A424CDB0B99}.Release|Any CPU.Build.0 = Release|Any CPU
		{EA736AA2-5716-41E3-9114-7A28F9ED7B12}.Debug|Any CPU.ActiveCfg = Debug|Any CPU
		{EA736AA2-5716-41E3-9114-7A28F9ED7B12}.Debug|Any CPU.Build.0 = Debug|Any CPU
		{EA736AA2-5716-41E3-9114-7A28F9ED7B12}.Release|Any CPU.ActiveCfg = Release|Any CPU
		{EA736AA2-5716-41E3-9114-7A28F9ED7B12}.Release|Any CPU.Build.0 = Release|Any CPU
		{62722E97-BE1D-42C8-972A-A963739C4193}.Debug|Any CPU.ActiveCfg = Debug|Any CPU
		{62722E97-BE1D-42C8-972A-A963739C4193}.Debug|Any CPU.Build.0 = Debug|Any CPU
		{62722E97-BE1D-42C8-972A-A963739C4193}.Release|Any CPU.ActiveCfg = Release|Any CPU
		{62722E97-BE1D-42C8-972A-A963739C4193}.Release|Any CPU.Build.0 = Release|Any CPU
		{4B708888-E75A-4795-8852-ACB1AD3C5A30}.Debug|Any CPU.ActiveCfg = Debug|Any CPU
		{4B708888-E75A-4795-8852-ACB1AD3C5A30}.Debug|Any CPU.Build.0 = Debug|Any CPU
		{4B708888-E75A-4795-8852-ACB1AD3C5A30}.Release|Any CPU.ActiveCfg = Release|Any CPU
		{4B708888-E75A-4795-8852-ACB1AD3C5A30}.Release|Any CPU.Build.0 = Release|Any CPU
		{BA4639DD-1513-4AB4-80D9-D4CBFB76D7F4}.Debug|Any CPU.ActiveCfg = Debug|Any CPU
		{BA4639DD-1513-4AB4-80D9-D4CBFB76D7F4}.Debug|Any CPU.Build.0 = Debug|Any CPU
		{BA4639DD-1513-4AB4-80D9-D4CBFB76D7F4}.Release|Any CPU.ActiveCfg = Release|Any CPU
		{BA4639DD-1513-4AB4-80D9-D4CBFB76D7F4}.Release|Any CPU.Build.0 = Release|Any CPU
		{4272F7A7-C0C9-406E-B313-582A29FA72C4}.Debug|Any CPU.ActiveCfg = Debug|Any CPU
		{4272F7A7-C0C9-406E-B313-582A29FA72C4}.Debug|Any CPU.Build.0 = Debug|Any CPU
		{4272F7A7-C0C9-406E-B313-582A29FA72C4}.Release|Any CPU.ActiveCfg = Release|Any CPU
		{4272F7A7-C0C9-406E-B313-582A29FA72C4}.Release|Any CPU.Build.0 = Release|Any CPU
		{170F23EF-40BB-4567-9CB6-484E967E4CD3}.Debug|Any CPU.ActiveCfg = Debug|Any CPU
		{170F23EF-40BB-4567-9CB6-484E967E4CD3}.Debug|Any CPU.Build.0 = Debug|Any CPU
		{170F23EF-40BB-4567-9CB6-484E967E4CD3}.Release|Any CPU.ActiveCfg = Release|Any CPU
		{170F23EF-40BB-4567-9CB6-484E967E4CD3}.Release|Any CPU.Build.0 = Release|Any CPU
		{6403DE2F-1E18-46D7-AF42-01A73A11479F}.Debug|Any CPU.ActiveCfg = Debug|Any CPU
		{6403DE2F-1E18-46D7-AF42-01A73A11479F}.Debug|Any CPU.Build.0 = Debug|Any CPU
		{6403DE2F-1E18-46D7-AF42-01A73A11479F}.Release|Any CPU.ActiveCfg = Release|Any CPU
		{6403DE2F-1E18-46D7-AF42-01A73A11479F}.Release|Any CPU.Build.0 = Release|Any CPU
		{FADB4BED-2574-4D30-91DB-2959CF677E91}.Debug|Any CPU.ActiveCfg = Debug|Any CPU
		{FADB4BED-2574-4D30-91DB-2959CF677E91}.Debug|Any CPU.Build.0 = Debug|Any CPU
		{FADB4BED-2574-4D30-91DB-2959CF677E91}.Release|Any CPU.ActiveCfg = Release|Any CPU
		{FADB4BED-2574-4D30-91DB-2959CF677E91}.Release|Any CPU.Build.0 = Release|Any CPU
		{4B87CF00-032F-44CB-A311-7B7AD43DE700}.Debug|Any CPU.ActiveCfg = Debug|Any CPU
		{4B87CF00-032F-44CB-A311-7B7AD43DE700}.Debug|Any CPU.Build.0 = Debug|Any CPU
		{4B87CF00-032F-44CB-A311-7B7AD43DE700}.Release|Any CPU.ActiveCfg = Release|Any CPU
		{4B87CF00-032F-44CB-A311-7B7AD43DE700}.Release|Any CPU.Build.0 = Release|Any CPU
		{A9804DB0-F4CD-452B-AB96-00E64F24DC8B}.Debug|Any CPU.ActiveCfg = Debug|Any CPU
		{A9804DB0-F4CD-452B-AB96-00E64F24DC8B}.Debug|Any CPU.Build.0 = Debug|Any CPU
		{A9804DB0-F4CD-452B-AB96-00E64F24DC8B}.Release|Any CPU.ActiveCfg = Release|Any CPU
		{A9804DB0-F4CD-452B-AB96-00E64F24DC8B}.Release|Any CPU.Build.0 = Release|Any CPU
		{B6A015B3-E33E-4E4A-9159-E7D74D985652}.Debug|Any CPU.ActiveCfg = Debug|Any CPU
		{B6A015B3-E33E-4E4A-9159-E7D74D985652}.Debug|Any CPU.Build.0 = Debug|Any CPU
		{B6A015B3-E33E-4E4A-9159-E7D74D985652}.Release|Any CPU.ActiveCfg = Release|Any CPU
		{B6A015B3-E33E-4E4A-9159-E7D74D985652}.Release|Any CPU.Build.0 = Release|Any CPU
		{AFA80A60-945F-4996-8DDE-4C888A814B52}.Debug|Any CPU.ActiveCfg = Debug|Any CPU
		{AFA80A60-945F-4996-8DDE-4C888A814B52}.Debug|Any CPU.Build.0 = Debug|Any CPU
		{AFA80A60-945F-4996-8DDE-4C888A814B52}.Release|Any CPU.ActiveCfg = Release|Any CPU
		{AFA80A60-945F-4996-8DDE-4C888A814B52}.Release|Any CPU.Build.0 = Release|Any CPU
		{698F1975-085E-4FC7-9A83-1B374368160C}.Debug|Any CPU.ActiveCfg = Debug|Any CPU
		{698F1975-085E-4FC7-9A83-1B374368160C}.Debug|Any CPU.Build.0 = Debug|Any CPU
		{698F1975-085E-4FC7-9A83-1B374368160C}.Release|Any CPU.ActiveCfg = Release|Any CPU
		{698F1975-085E-4FC7-9A83-1B374368160C}.Release|Any CPU.Build.0 = Release|Any CPU
		{150D6F2F-63F9-4315-9A06-EF825058BD56}.Debug|Any CPU.ActiveCfg = Debug|Any CPU
		{150D6F2F-63F9-4315-9A06-EF825058BD56}.Debug|Any CPU.Build.0 = Debug|Any CPU
		{150D6F2F-63F9-4315-9A06-EF825058BD56}.Release|Any CPU.ActiveCfg = Release|Any CPU
		{150D6F2F-63F9-4315-9A06-EF825058BD56}.Release|Any CPU.Build.0 = Release|Any CPU
	EndGlobalSection
	GlobalSection(NestedProjects) = preSolution
		{680BAA61-0343-473B-AF40-9675E6069D56} = {C9FB55F1-6010-4C12-B1BD-CA51290AFABE}
		{A7C09126-28E6-4C62-90B6-EFFAD5B833E8} = {680BAA61-0343-473B-AF40-9675E6069D56}
		{9DEBC1DE-3268-473C-8674-5E739D7822FA} = {680BAA61-0343-473B-AF40-9675E6069D56}
		{36C5EB94-7A2E-4DCE-BFE4-27D7966B8FE7} = {C9FB55F1-6010-4C12-B1BD-CA51290AFABE}
		{4CF64251-C11E-4398-AD57-6609FB1A4F8B} = {36C5EB94-7A2E-4DCE-BFE4-27D7966B8FE7}
		{E10D9D39-B090-4F8D-8E03-C3A09E98674E} = {36C5EB94-7A2E-4DCE-BFE4-27D7966B8FE7}
		{31AEF064-681C-41F4-9651-5E837A0CBDBC} = {36C5EB94-7A2E-4DCE-BFE4-27D7966B8FE7}
		{79F62D74-D858-4AD1-9CC2-DBDA94DADC97} = {36C5EB94-7A2E-4DCE-BFE4-27D7966B8FE7}
		{AE2ED454-78BC-4D21-94DF-6A0E818AB820} = {79F62D74-D858-4AD1-9CC2-DBDA94DADC97}
		{2F73BEE5-BC05-4BF4-8012-796F21A7E6CA} = {79F62D74-D858-4AD1-9CC2-DBDA94DADC97}
		{74C01ED1-7CA7-4A2B-A775-8A89B68B77C5} = {C9FB55F1-6010-4C12-B1BD-CA51290AFABE}
		{67DA5E32-9175-42AE-99D9-9A424CDB0B99} = {74C01ED1-7CA7-4A2B-A775-8A89B68B77C5}
		{EA736AA2-5716-41E3-9114-7A28F9ED7B12} = {7491D85D-F375-4787-AF1A-B21966901B88}
		{1ABD0912-552E-48E0-87B7-F2755B14481C} = {7491D85D-F375-4787-AF1A-B21966901B88}
		{62722E97-BE1D-42C8-972A-A963739C4193} = {1ABD0912-552E-48E0-87B7-F2755B14481C}
		{4B708888-E75A-4795-8852-ACB1AD3C5A30} = {1ABD0912-552E-48E0-87B7-F2755B14481C}
		{BA4639DD-1513-4AB4-80D9-D4CBFB76D7F4} = {1ABD0912-552E-48E0-87B7-F2755B14481C}
		{C7A982BB-304F-4254-B751-F72F44E23929} = {7491D85D-F375-4787-AF1A-B21966901B88}
		{B017264A-7A75-4F53-A83B-8232C1130D90} = {C7A982BB-304F-4254-B751-F72F44E23929}
		{4272F7A7-C0C9-406E-B313-582A29FA72C4} = {B017264A-7A75-4F53-A83B-8232C1130D90}
		{A612B27E-E401-4A36-B931-F73B657344CD} = {C7A982BB-304F-4254-B751-F72F44E23929}
		{170F23EF-40BB-4567-9CB6-484E967E4CD3} = {A612B27E-E401-4A36-B931-F73B657344CD}
		{E704FCED-7AC8-4527-92B5-A624FC9D0D20} = {C7A982BB-304F-4254-B751-F72F44E23929}
		{6403DE2F-1E18-46D7-AF42-01A73A11479F} = {E704FCED-7AC8-4527-92B5-A624FC9D0D20}
		{1FD796CF-2243-468D-9144-92D53A39D977} = {C7A982BB-304F-4254-B751-F72F44E23929}
		{FADB4BED-2574-4D30-91DB-2959CF677E91} = {1FD796CF-2243-468D-9144-92D53A39D977}
		{4B87CF00-032F-44CB-A311-7B7AD43DE700} = {1FD796CF-2243-468D-9144-92D53A39D977}
		{A9804DB0-F4CD-452B-AB96-00E64F24DC8B} = {1FD796CF-2243-468D-9144-92D53A39D977}
		{B6A015B3-E33E-4E4A-9159-E7D74D985652} = {1FD796CF-2243-468D-9144-92D53A39D977}
		{3DBC80B1-BABF-4236-A40D-60B910DC4EA8} = {AE2ED454-78BC-4D21-94DF-6A0E818AB820}
		{73067217-4EC9-4F94-A201-7681C2236E9D} = {2F73BEE5-BC05-4BF4-8012-796F21A7E6CA}
		{C7E01F70-CAAE-4F68-8597-97401AC65986} = {680BAA61-0343-473B-AF40-9675E6069D56}
		{C41CE46D-8366-4876-A3B9-287B4F414325} = {680BAA61-0343-473B-AF40-9675E6069D56}
		{19D519E4-C435-43FF-9FA6-AC7FD5449E53} = {680BAA61-0343-473B-AF40-9675E6069D56}
		{AFA80A60-945F-4996-8DDE-4C888A814B52} = {680BAA61-0343-473B-AF40-9675E6069D56}
		{698F1975-085E-4FC7-9A83-1B374368160C} = {79F62D74-D858-4AD1-9CC2-DBDA94DADC97}
		{150D6F2F-63F9-4315-9A06-EF825058BD56} = {79F62D74-D858-4AD1-9CC2-DBDA94DADC97}
	EndGlobalSection
EndGlobal
